<?xml version="1.0" encoding="utf-8"?>
<Project ToolsVersion="4.0" xmlns="http://schemas.microsoft.com/developer/msbuild/2003">
  <ItemGroup>
    <Filter Include="Shared">
      <UniqueIdentifier>{f74b861f-4515-483f-a767-ec8febbd9123}</UniqueIdentifier>
    </Filter>
  </ItemGroup>
  <ItemGroup>
    <ClCompile Include="..\Shared\give_me_five.cpp">
      <Filter>Shared</Filter>
    </ClCompile>
  </ItemGroup>
</Project>