<?xml version="1.0" encoding="utf-8"?>
<Project ToolsVersion="4.0" xmlns="http://schemas.microsoft.com/developer/msbuild/2003">
  <ItemGroup>
    <Filter Include="Shared">
      <UniqueIdentifier>{6bda7684-9284-4868-ae9e-f02e9b28d5c2}</UniqueIdentifier>
    </Filter>
  </ItemGroup>
  <ItemGroup>
    <ClCompile Include="..\Shared\give_me_five.cpp">
      <Filter>Shared</Filter>
    </ClCompile>
  </ItemGroup>
</Project>