<?xml version="1.0" encoding="utf-8"?>
<Project ToolsVersion="4.0" xmlns="http://schemas.microsoft.com/developer/msbuild/2003">
  <ItemGroup>
    <Filter Include="Shared">
      <UniqueIdentifier>{a6611f33-c58b-474c-bcbd-a903b12b6e10}</UniqueIdentifier>
    </Filter>
  </ItemGroup>
  <ItemGroup>
    <ClCompile Include="..\Shared\give_me_five.cpp">
      <Filter>Shared</Filter>
    </ClCompile>
  </ItemGroup>
</Project>